{"persistence.nvim": {"commit": "251e895"}, "nvim-dap": {"commit": "d9b315a"}, "telescope-fzf-native.nvim": {"commit": "65c0ee3"}, "vim-mundo": {"commit": "3c7e008"}, "packer.nvim": {"commit": "6afb674"}, "cmp-tmux": {"commit": "e32f2f1"}, "mason-null-ls.nvim": {"commit": "8288508"}, "nvim-lspconfig": {"commit": "12735ee"}, "vim-illuminate": {"commit": "1c8132d"}, "vim-abolish": {"commit": "3f0c8fa"}, "mason-tool-installer.nvim": {"commit": "60e536e"}, "nvim-dap-virtual-text": {"commit": "2971ce3"}, "null-ls.nvim": {"commit": "bf02782"}, "telescope-ui-select.nvim": {"commit": "62ea5e5"}, "lualine.nvim": {"commit": "a52f078"}, "which-key.nvim": {"commit": "d5f0c63"}, "nvim-treesitter-textobjects": {"commit": "e63c2ff"}, "nvim-autopairs": {"commit": "5fe2441"}, "cmp_luasnip": {"commit": "a9de941"}, "friendly-snippets": {"commit": "22a9975"}, "vim-sandwich": {"commit": "74898e6"}, "nvim-colorizer.lua": {"commit": "36c610a"}, "nvim-treesitter-textsubjects": {"commit": "ed026cf"}, "Navigator.nvim": {"commit": "0c57f67"}, "gitsigns.nvim": {"commit": "e1748ae"}, "indent-blankline.nvim": {"commit": "db7cbcb"}, "nvim-ts-autotag": {"commit": "fdefe46"}, "cmp-cmdline": {"commit": "9c0e331"}, "telescope.nvim": {"commit": "2584ff3"}, "trouble.nvim": {"commit": "929315e"}, "nvim-ts-context-commentstring": {"commit": "4d3a68c"}, "vim-startuptime": {"commit": "0dcecdf"}, "lsp_signature.nvim": {"commit": "e65a638"}, "Comment.nvim": {"commit": "30d23aa"}, "filetype.nvim": {"commit": "b522628"}, "mason.nvim": {"commit": "a819655"}, "bufferline.nvim": {"commit": "ffa1d00"}, "cmp-nvim-lsp": {"commit": "affe808"}, "LuaSnip": {"commit": "6e506ce"}, "nvim-dap-ui": {"commit": "ebebd42"}, "popup.nvim": {"commit": "b7404d3"}, "nvim-web-devicons": {"commit": "2d02a56"}, "copilot.vim": {"commit": "1bfbaf5"}, "tokyonight.nvim": {"commit": "3c05c5a"}, "nvim-treesitter": {"commit": "5891e2e"}, "mason-lspconfig.nvim": {"commit": "1534b61"}, "impatient.nvim": {"commit": "b842e16"}, "cutlass.nvim": {"commit": "7611e52"}, "nvim-tree.lua": {"commit": "fb8735e"}, "toggleterm.nvim": {"commit": "f494c61"}, "plenary.nvim": {"commit": "4b66054"}, "bufdelete.nvim": {"commit": "46255e4"}, "nvim-cmp": {"commit": "913eb85"}, "nvim-treesitter-context": {"commit": "82631f6"}, "one-small-step-for-vimkind": {"commit": "59ec6f5"}, "cmp-path": {"commit": "447c87c"}, "markdown-preview.nvim": {"commit": "02cc387"}, "DAPInstall.nvim": {"commit": "bbda2b0"}, "nvim-ts-rainbow": {"commit": "620a24f"}, "cmp-nvim-lua": {"commit": "d276254"}, "cmp-buffer": {"commit": "3022dbc"}}
